<?xml version="1.0" encoding="utf-8"?>
<Project ToolsVersion="4.0" xmlns="http://schemas.microsoft.com/developer/msbuild/2003">
  <ItemGroup>
    <Filter Include="Arquivos de Origem">
      <UniqueIdentifier>{4FC737F1-C7A5-4376-A066-2A32D752A2FF}</UniqueIdentifier>
      <Extensions>cpp;c;cc;cxx;def;odl;idl;hpj;bat;asm;asmx</Extensions>
    </Filter>
    <Filter Include="Arquivos de Recurso">
      <UniqueIdentifier>{67DA6AB6-F800-4c08-8B7A-83BB121AAD01}</UniqueIdentifier>
      <Extensions>rc;ico;cur;bmp;dlg;rc2;rct;bin;rgs;gif;jpg;jpeg;jpe;resx;tiff;tif;png;wav;mfcribbon-ms</Extensions>
    </Filter>
    <Filter Include="Arquivos de Cabeçalho">
      <UniqueIdentifier>{93995380-89BD-4b04-88EB-625FBE52EBFB}</UniqueIdentifier>
      <Extensions>h;hh;hpp;hxx;hm;inl;inc;xsd</Extensions>
    </Filter>
  </ItemGroup>
  <ItemGroup>
    <ClCompile Include="PrimeiraTela.cpp">
      <Filter>Arquivos de Origem</Filter>
    </ClCompile>
    <ClCompile Include="Principal.cpp">
      <Filter>Arquivos de Origem</Filter>
    </ClCompile>
    <ClCompile Include="TelaTutorial.cpp">
      <Filter>Arquivos de Origem</Filter>
    </ClCompile>
    <ClCompile Include="TelaEscolherModo.cpp">
      <Filter>Arquivos de Origem</Filter>
    </ClCompile>
    <ClCompile Include="AlgoritmoMedia.cpp">
      <Filter>Arquivos de Origem</Filter>
    </ClCompile>
    <ClCompile Include="AjudaAlgoritmo.cpp">
      <Filter>Arquivos de Origem</Filter>
    </ClCompile>
    <ClCompile Include="Compilador.cpp">
      <Filter>Arquivos de Origem</Filter>
    </ClCompile>
    <ClCompile Include="TelaSucesso.cpp">
      <Filter>Arquivos de Origem</Filter>
    </ClCompile>
    <ClCompile Include="LinguagemFatorial.cpp">
      <Filter>Arquivos de Origem</Filter>
    </ClCompile>
    <ClCompile Include="TelaErro.cpp">
      <Filter>Arquivos de Origem</Filter>
    </ClCompile>
    <ClCompile Include="AlgoritmoFatorial.cpp">
      <Filter>Arquivos de Origem</Filter>
    </ClCompile>
    <ClCompile Include="LinguagemMedia.cpp">
      <Filter>Arquivos de Origem</Filter>
    </ClCompile>
    <ClCompile Include="TelaFinal.cpp">
      <Filter>Arquivos de Origem</Filter>
    </ClCompile>
  </ItemGroup>
  <ItemGroup>
    <ClInclude Include="PrimeiraTela.h">
      <Filter>Arquivos de Cabeçalho</Filter>
    </ClInclude>
    <ClInclude Include="TelaTutorial.h">
      <Filter>Arquivos de Cabeçalho</Filter>
    </ClInclude>
    <ClInclude Include="TelaEscolherModo.h">
      <Filter>Arquivos de Cabeçalho</Filter>
    </ClInclude>
    <ClInclude Include="AlgoritmoMedia.h">
      <Filter>Arquivos de Cabeçalho</Filter>
    </ClInclude>
    <ClInclude Include="AjudaAlgoritmo.h">
      <Filter>Arquivos de Cabeçalho</Filter>
    </ClInclude>
    <ClInclude Include="TelaSucesso.h">
      <Filter>Arquivos de Cabeçalho</Filter>
    </ClInclude>
    <ClInclude Include="TelaErro.h">
      <Filter>Arquivos de Cabeçalho</Filter>
    </ClInclude>
    <ClInclude Include="LinguagemFatorial.h">
      <Filter>Arquivos de Cabeçalho</Filter>
    </ClInclude>
    <ClInclude Include="Compilador.h">
      <Filter>Arquivos de Cabeçalho</Filter>
    </ClInclude>
    <ClInclude Include="AlgoritmoFatorial.h">
      <Filter>Arquivos de Cabeçalho</Filter>
    </ClInclude>
    <ClInclude Include="LinguagemMedia.h">
      <Filter>Arquivos de Cabeçalho</Filter>
    </ClInclude>
    <ClInclude Include="TelaFinal.h">
      <Filter>Arquivos de Cabeçalho</Filter>
    </ClInclude>
  </ItemGroup>
  <ItemGroup>
    <EmbeddedResource Include="PrimeiraTela.resx">
      <Filter>Arquivos de Recurso</Filter>
    </EmbeddedResource>
    <EmbeddedResource Include="TelaEscolherModo.resx">
      <Filter>Arquivos de Recurso</Filter>
    </EmbeddedResource>
    <EmbeddedResource Include="TelaTutorial.resx">
      <Filter>Arquivos de Recurso</Filter>
    </EmbeddedResource>
    <EmbeddedResource Include="AlgoritmoMedia.resx">
      <Filter>Arquivos de Recurso</Filter>
    </EmbeddedResource>
    <EmbeddedResource Include="AjudaAlgoritmo.resx">
      <Filter>Arquivos de Recurso</Filter>
    </EmbeddedResource>
    <EmbeddedResource Include="TelaErro.resx">
      <Filter>Arquivos de Recurso</Filter>
    </EmbeddedResource>
    <EmbeddedResource Include="TelaSucesso.resx">
      <Filter>Arquivos de Recurso</Filter>
    </EmbeddedResource>
    <EmbeddedResource Include="LinguagemFatorial.resx">
      <Filter>Arquivos de Recurso</Filter>
    </EmbeddedResource>
    <EmbeddedResource Include="TelaFinal.resx">
      <Filter>Arquivos de Recurso</Filter>
    </EmbeddedResource>
    <EmbeddedResource Include="AlgoritmoFatorial.resx">
      <Filter>Arquivos de Recurso</Filter>
    </EmbeddedResource>
    <EmbeddedResource Include="LinguagemMedia.resx">
      <Filter>Arquivos de Recurso</Filter>
    </EmbeddedResource>
  </ItemGroup>
  <ItemGroup>
    <None Include="C:\Users\felip\Documents\fatorial.exe">
      <Filter>Arquivos de Cabeçalho</Filter>
    </None>
  </ItemGroup>
</Project>